version: 6
environments:
  default:
    channels:
    - url: https://conda.modular.com/max-nightly/
    - url: https://repo.prefix.dev/conda-forge/
    packages:
      linux-64:
      - conda: https://conda.modular.com/max-nightly/linux-64/mojo-25.5.0.dev2025072705-release.conda
      osx-arm64:
      - conda: https://conda.modular.com/max-nightly/osx-arm64/mojo-25.5.0.dev2025072705-release.conda
packages:
- conda: https://conda.modular.com/max-nightly/linux-64/mojo-25.5.0.dev2025072705-release.conda
  sha256: afad28c1e6b5938a678236fb6507aadd62973ce744c769e392c8e5cff3d1dc4d
  license: LicenseRef-Modular-Proprietary
  size: 78182267
  timestamp: 1753593756081
- conda: https://conda.modular.com/max-nightly/osx-arm64/mojo-25.5.0.dev2025072705-release.conda
  sha256: be47821c119926be5445da7a871e2d86ac2205a26d2b04ae4ba176cb0a8b2e14
  license: LicenseRef-Modular-Proprietary
  size: 58971654
  timestamp: 1753595235966
