# generated by rye
# use `rye lock` or `rye sync` to update this lockfile
#
# last locked with the following flags:
#   pre: false
#   features: []
#   all-features: false
#   with-sources: false

-e file:.
adbc-driver-manager==0.11.0
    # via adbc-driver-postgresql
adbc-driver-postgresql==0.11.0
    # via tne-campaigns
importlib-resources==6.4.0
    # via adbc-driver-postgresql
polars==0.20.23
    # via tne-campaigns
psycopg==3.1.18
    # via tne-campaigns
typing-extensions==4.11.0
    # via adbc-driver-manager
    # via psycopg
