# generated by rye
# use `rye lock` or `rye sync` to update this lockfile
#
# last locked with the following flags:
#   pre: false
#   features: []
#   all-features: false
#   with-sources: false

-e file:.
adbc-driver-manager==0.11.0
    # via adbc-driver-postgresql
adbc-driver-postgresql==0.11.0
    # via tne-campaigns
attrs==23.2.0
    # via cattrs
    # via lsprotocol
basedpyright==1.12.2
cattrs==23.2.3
    # via lsprotocol
    # via pygls
importlib-resources==6.4.0
    # via adbc-driver-postgresql
lsprotocol==2023.0.1
    # via pygls
    # via ruff-lsp
nodejs-wheel-binaries==20.13.1
    # via basedpyright
packaging==24.0
    # via ruff-lsp
polars==0.20.23
    # via tne-campaigns
psycopg==3.1.18
    # via tne-campaigns
pygls==1.3.1
    # via ruff-lsp
ruff==0.4.2
    # via ruff-lsp
ruff-lsp==0.0.53
typing-extensions==4.11.0
    # via adbc-driver-manager
    # via psycopg
    # via ruff-lsp
typos==1.21.0
