version = 1
revision = 2
requires-python = ">=3.13.3"

[[package]]
name = "basedpyright"
version = "1.29.2"
source = { registry = "https://pypi.org/simple" }
dependencies = [
    { name = "nodejs-wheel-binaries" },
]
sdist = { url = "https://files.pythonhosted.org/packages/0c/db/fcfced6e89a49b52694d51078c2cf626b3fe9d097c1145bb8424337d7ae6/basedpyright-1.29.2.tar.gz", hash = "sha256:12c49186003b9f69a028615da883ef97035ea2119a9e3f93a00091b3a27088a6", size = 21966851, upload-time = "2025-05-21T11:45:43.03Z" }
wheels = [
    { url = "https://files.pythonhosted.org/packages/98/b7/8307208ab517ac6e5d0331ad7347624fe8b250fb6e659ba3bd081d82c890/basedpyright-1.29.2-py3-none-any.whl", hash = "sha256:f389e2997de33d038c5065fd85bff351fbdc62fa6d6371c7b947fc3bce8d437d", size = 11472099, upload-time = "2025-05-21T11:45:38.785Z" },
]

[[package]]
name = "colorama"
version = "0.4.6"
source = { registry = "https://pypi.org/simple" }
sdist = { url = "https://files.pythonhosted.org/packages/d8/53/6f443c9a4a8358a93a6792e2acffb9d9d5cb0a5cfd8802644b7b1c9a02e4/colorama-0.4.6.tar.gz", hash = "sha256:08695f5cb7ed6e0531a20572697297273c47b8cae5a63ffc6d6ed5c201be6e44", size = 27697, upload-time = "2022-10-25T02:36:22.414Z" }
wheels = [
    { url = "https://files.pythonhosted.org/packages/d1/d6/3965ed04c63042e047cb6a3e6ed1a63a35087b6a609aa3a15ed8ac56c221/colorama-0.4.6-py2.py3-none-any.whl", hash = "sha256:4f1d9991f5acc0ca119f9d443620b77f9d6b33703e51011c16baf57afb285fc6", size = 25335, upload-time = "2022-10-25T02:36:20.889Z" },
]

[[package]]
name = "coverage"
version = "7.8.2"
source = { registry = "https://pypi.org/simple" }
sdist = { url = "https://files.pythonhosted.org/packages/ba/07/998afa4a0ecdf9b1981ae05415dad2d4e7716e1b1f00abbd91691ac09ac9/coverage-7.8.2.tar.gz", hash = "sha256:a886d531373a1f6ff9fad2a2ba4a045b68467b779ae729ee0b3b10ac20033b27", size = 812759, upload-time = "2025-05-23T11:39:57.856Z" }
wheels = [
    { url = "https://files.pythonhosted.org/packages/1a/93/eb6400a745ad3b265bac36e8077fdffcf0268bdbbb6c02b7220b624c9b31/coverage-7.8.2-cp313-cp313-macosx_10_13_x86_64.whl", hash = "sha256:ea561010914ec1c26ab4188aef8b1567272ef6de096312716f90e5baa79ef8ca", size = 211898, upload-time = "2025-05-23T11:38:49.066Z" },
    { url = "https://files.pythonhosted.org/packages/1b/7c/bdbf113f92683024406a1cd226a199e4200a2001fc85d6a6e7e299e60253/coverage-7.8.2-cp313-cp313-macosx_11_0_arm64.whl", hash = "sha256:cb86337a4fcdd0e598ff2caeb513ac604d2f3da6d53df2c8e368e07ee38e277d", size = 212171, upload-time = "2025-05-23T11:38:51.207Z" },
    { url = "https://files.pythonhosted.org/packages/91/22/594513f9541a6b88eb0dba4d5da7d71596dadef6b17a12dc2c0e859818a9/coverage-7.8.2-cp313-cp313-manylinux_2_17_aarch64.manylinux2014_aarch64.whl", hash = "sha256:26a4636ddb666971345541b59899e969f3b301143dd86b0ddbb570bd591f1e85", size = 245564, upload-time = "2025-05-23T11:38:52.857Z" },
    { url = "https://files.pythonhosted.org/packages/1f/f4/2860fd6abeebd9f2efcfe0fd376226938f22afc80c1943f363cd3c28421f/coverage-7.8.2-cp313-cp313-manylinux_2_5_i686.manylinux1_i686.manylinux_2_17_i686.manylinux2014_i686.whl", hash = "sha256:5040536cf9b13fb033f76bcb5e1e5cb3b57c4807fef37db9e0ed129c6a094257", size = 242719, upload-time = "2025-05-23T11:38:54.529Z" },
    { url = "https://files.pythonhosted.org/packages/89/60/f5f50f61b6332451520e6cdc2401700c48310c64bc2dd34027a47d6ab4ca/coverage-7.8.2-cp313-cp313-manylinux_2_5_x86_64.manylinux1_x86_64.manylinux_2_17_x86_64.manylinux2014_x86_64.whl", hash = "sha256:dc67994df9bcd7e0150a47ef41278b9e0a0ea187caba72414b71dc590b99a108", size = 244634, upload-time = "2025-05-23T11:38:57.326Z" },
    { url = "https://files.pythonhosted.org/packages/3b/70/7f4e919039ab7d944276c446b603eea84da29ebcf20984fb1fdf6e602028/coverage-7.8.2-cp313-cp313-musllinux_1_2_aarch64.whl", hash = "sha256:6e6c86888fd076d9e0fe848af0a2142bf606044dc5ceee0aa9eddb56e26895a0", size = 244824, upload-time = "2025-05-23T11:38:59.421Z" },
    { url = "https://files.pythonhosted.org/packages/26/45/36297a4c0cea4de2b2c442fe32f60c3991056c59cdc3cdd5346fbb995c97/coverage-7.8.2-cp313-cp313-musllinux_1_2_i686.whl", hash = "sha256:684ca9f58119b8e26bef860db33524ae0365601492e86ba0b71d513f525e7050", size = 242872, upload-time = "2025-05-23T11:39:01.049Z" },
    { url = "https://files.pythonhosted.org/packages/a4/71/e041f1b9420f7b786b1367fa2a375703889ef376e0d48de9f5723fb35f11/coverage-7.8.2-cp313-cp313-musllinux_1_2_x86_64.whl", hash = "sha256:8165584ddedb49204c4e18da083913bdf6a982bfb558632a79bdaadcdafd0d48", size = 244179, upload-time = "2025-05-23T11:39:02.709Z" },
    { url = "https://files.pythonhosted.org/packages/bd/db/3c2bf49bdc9de76acf2491fc03130c4ffc51469ce2f6889d2640eb563d77/coverage-7.8.2-cp313-cp313-win32.whl", hash = "sha256:34759ee2c65362163699cc917bdb2a54114dd06d19bab860725f94ef45a3d9b7", size = 214393, upload-time = "2025-05-23T11:39:05.457Z" },
    { url = "https://files.pythonhosted.org/packages/c6/dc/947e75d47ebbb4b02d8babb1fad4ad381410d5bc9da7cfca80b7565ef401/coverage-7.8.2-cp313-cp313-win_amd64.whl", hash = "sha256:2f9bc608fbafaee40eb60a9a53dbfb90f53cc66d3d32c2849dc27cf5638a21e3", size = 215194, upload-time = "2025-05-23T11:39:07.171Z" },
    { url = "https://files.pythonhosted.org/packages/90/31/a980f7df8a37eaf0dc60f932507fda9656b3a03f0abf188474a0ea188d6d/coverage-7.8.2-cp313-cp313-win_arm64.whl", hash = "sha256:9fe449ee461a3b0c7105690419d0b0aba1232f4ff6d120a9e241e58a556733f7", size = 213580, upload-time = "2025-05-23T11:39:08.862Z" },
    { url = "https://files.pythonhosted.org/packages/8a/6a/25a37dd90f6c95f59355629417ebcb74e1c34e38bb1eddf6ca9b38b0fc53/coverage-7.8.2-cp313-cp313t-macosx_10_13_x86_64.whl", hash = "sha256:8369a7c8ef66bded2b6484053749ff220dbf83cba84f3398c84c51a6f748a008", size = 212734, upload-time = "2025-05-23T11:39:11.109Z" },
    { url = "https://files.pythonhosted.org/packages/36/8b/3a728b3118988725f40950931abb09cd7f43b3c740f4640a59f1db60e372/coverage-7.8.2-cp313-cp313t-macosx_11_0_arm64.whl", hash = "sha256:159b81df53a5fcbc7d45dae3adad554fdbde9829a994e15227b3f9d816d00b36", size = 212959, upload-time = "2025-05-23T11:39:12.751Z" },
    { url = "https://files.pythonhosted.org/packages/53/3c/212d94e6add3a3c3f412d664aee452045ca17a066def8b9421673e9482c4/coverage-7.8.2-cp313-cp313t-manylinux_2_17_aarch64.manylinux2014_aarch64.whl", hash = "sha256:e6fcbbd35a96192d042c691c9e0c49ef54bd7ed865846a3c9d624c30bb67ce46", size = 257024, upload-time = "2025-05-23T11:39:15.569Z" },
    { url = "https://files.pythonhosted.org/packages/a4/40/afc03f0883b1e51bbe804707aae62e29c4e8c8bbc365c75e3e4ddeee9ead/coverage-7.8.2-cp313-cp313t-manylinux_2_5_i686.manylinux1_i686.manylinux_2_17_i686.manylinux2014_i686.whl", hash = "sha256:05364b9cc82f138cc86128dc4e2e1251c2981a2218bfcd556fe6b0fbaa3501be", size = 252867, upload-time = "2025-05-23T11:39:17.64Z" },
    { url = "https://files.pythonhosted.org/packages/18/a2/3699190e927b9439c6ded4998941a3c1d6fa99e14cb28d8536729537e307/coverage-7.8.2-cp313-cp313t-manylinux_2_5_x86_64.manylinux1_x86_64.manylinux_2_17_x86_64.manylinux2014_x86_64.whl", hash = "sha256:46d532db4e5ff3979ce47d18e2fe8ecad283eeb7367726da0e5ef88e4fe64740", size = 255096, upload-time = "2025-05-23T11:39:19.328Z" },
    { url = "https://files.pythonhosted.org/packages/b4/06/16e3598b9466456b718eb3e789457d1a5b8bfb22e23b6e8bbc307df5daf0/coverage-7.8.2-cp313-cp313t-musllinux_1_2_aarch64.whl", hash = "sha256:4000a31c34932e7e4fa0381a3d6deb43dc0c8f458e3e7ea6502e6238e10be625", size = 256276, upload-time = "2025-05-23T11:39:21.077Z" },
    { url = "https://files.pythonhosted.org/packages/a7/d5/4b5a120d5d0223050a53d2783c049c311eea1709fa9de12d1c358e18b707/coverage-7.8.2-cp313-cp313t-musllinux_1_2_i686.whl", hash = "sha256:43ff5033d657cd51f83015c3b7a443287250dc14e69910577c3e03bd2e06f27b", size = 254478, upload-time = "2025-05-23T11:39:22.838Z" },
    { url = "https://files.pythonhosted.org/packages/ba/85/f9ecdb910ecdb282b121bfcaa32fa8ee8cbd7699f83330ee13ff9bbf1a85/coverage-7.8.2-cp313-cp313t-musllinux_1_2_x86_64.whl", hash = "sha256:94316e13f0981cbbba132c1f9f365cac1d26716aaac130866ca812006f662199", size = 255255, upload-time = "2025-05-23T11:39:24.644Z" },
    { url = "https://files.pythonhosted.org/packages/50/63/2d624ac7d7ccd4ebbd3c6a9eba9d7fc4491a1226071360d59dd84928ccb2/coverage-7.8.2-cp313-cp313t-win32.whl", hash = "sha256:3f5673888d3676d0a745c3d0e16da338c5eea300cb1f4ada9c872981265e76d8", size = 215109, upload-time = "2025-05-23T11:39:26.722Z" },
    { url = "https://files.pythonhosted.org/packages/22/5e/7053b71462e970e869111c1853afd642212568a350eba796deefdfbd0770/coverage-7.8.2-cp313-cp313t-win_amd64.whl", hash = "sha256:2c08b05ee8d7861e45dc5a2cc4195c8c66dca5ac613144eb6ebeaff2d502e73d", size = 216268, upload-time = "2025-05-23T11:39:28.429Z" },
    { url = "https://files.pythonhosted.org/packages/07/69/afa41aa34147655543dbe96994f8a246daf94b361ccf5edfd5df62ce066a/coverage-7.8.2-cp313-cp313t-win_arm64.whl", hash = "sha256:1e1448bb72b387755e1ff3ef1268a06617afd94188164960dba8d0245a46004b", size = 214071, upload-time = "2025-05-23T11:39:30.55Z" },
    { url = "https://files.pythonhosted.org/packages/a0/1a/0b9c32220ad694d66062f571cc5cedfa9997b64a591e8a500bb63de1bd40/coverage-7.8.2-py3-none-any.whl", hash = "sha256:726f32ee3713f7359696331a18daf0c3b3a70bb0ae71141b9d3c52be7c595e32", size = 203623, upload-time = "2025-05-23T11:39:53.846Z" },
]

[[package]]
name = "execnet"
version = "2.1.1"
source = { registry = "https://pypi.org/simple" }
sdist = { url = "https://files.pythonhosted.org/packages/bb/ff/b4c0dc78fbe20c3e59c0c7334de0c27eb4001a2b2017999af398bf730817/execnet-2.1.1.tar.gz", hash = "sha256:5189b52c6121c24feae288166ab41b32549c7e2348652736540b9e6e7d4e72e3", size = 166524, upload-time = "2024-04-08T09:04:19.245Z" }
wheels = [
    { url = "https://files.pythonhosted.org/packages/43/09/2aea36ff60d16dd8879bdb2f5b3ee0ba8d08cbbdcdfe870e695ce3784385/execnet-2.1.1-py3-none-any.whl", hash = "sha256:26dee51f1b80cebd6d0ca8e74dd8745419761d3bef34163928cbebbdc4749fdc", size = 40612, upload-time = "2024-04-08T09:04:17.414Z" },
]

[[package]]
name = "iniconfig"
version = "2.1.0"
source = { registry = "https://pypi.org/simple" }
sdist = { url = "https://files.pythonhosted.org/packages/f2/97/ebf4da567aa6827c909642694d71c9fcf53e5b504f2d96afea02718862f3/iniconfig-2.1.0.tar.gz", hash = "sha256:3abbd2e30b36733fee78f9c7f7308f2d0050e88f0087fd25c2645f63c773e1c7", size = 4793, upload-time = "2025-03-19T20:09:59.721Z" }
wheels = [
    { url = "https://files.pythonhosted.org/packages/2c/e1/e6716421ea10d38022b952c159d5161ca1193197fb744506875fbb87ea7b/iniconfig-2.1.0-py3-none-any.whl", hash = "sha256:9deba5723312380e77435581c6bf4935c94cbfab9b1ed33ef8d238ea168eb760", size = 6050, upload-time = "2025-03-19T20:10:01.071Z" },
]

[[package]]
name = "move"
version = "0.1.0"
source = { editable = "." }

[package.dev-dependencies]
dev = [
    { name = "basedpyright" },
    { name = "ruff" },
    { name = "ty" },
    { name = "typos" },
]
test = [
    { name = "pytest" },
    { name = "pytest-cov" },
    { name = "pytest-xdist" },
]

[package.metadata]

[package.metadata.requires-dev]
dev = [
    { name = "basedpyright", specifier = ">=1.29.2" },
    { name = "ruff", specifier = ">=0.11.11" },
    { name = "ty", specifier = ">=0.0.1a6" },
    { name = "typos", specifier = ">=1.32.0" },
]
test = [
    { name = "pytest", specifier = ">=8.3.2" },
    { name = "pytest-cov", specifier = ">=5.0.0" },
    { name = "pytest-xdist", specifier = ">=3.6.1" },
]

[[package]]
name = "nodejs-wheel-binaries"
version = "22.16.0"
source = { registry = "https://pypi.org/simple" }
sdist = { url = "https://files.pythonhosted.org/packages/0f/c6/66f36b7b0d528660dfb4a59cb9b8dd6a3f4c0a3939cd49c404a775ea4a63/nodejs_wheel_binaries-22.16.0.tar.gz", hash = "sha256:d695832f026df3a0cf9a089d222225939de9d1b67f8f0a353b79f015aabbe7e2", size = 8061, upload-time = "2025-05-22T07:27:52.149Z" }
wheels = [
    { url = "https://files.pythonhosted.org/packages/d7/dc/417a5c5f99e53a5d2b3be122506312731eb90fb9630c248e327e2e38cc6b/nodejs_wheel_binaries-22.16.0-py2.py3-none-macosx_11_0_arm64.whl", hash = "sha256:986b715a96ed703f8ce0c15712f76fc42895cf09067d72b6ef29e8b334eccf64", size = 50957501, upload-time = "2025-05-22T07:27:20.132Z" },
    { url = "https://files.pythonhosted.org/packages/0e/dd/d6ce48209ed15f5d1fccb29eeaa111f962557123eaf4fd03a7316c42734c/nodejs_wheel_binaries-22.16.0-py2.py3-none-macosx_11_0_x86_64.whl", hash = "sha256:4ae3cf22138891cb44c3ee952862a257ce082b098b29024d7175684a9a77b0c0", size = 51891634, upload-time = "2025-05-22T07:27:24.029Z" },
    { url = "https://files.pythonhosted.org/packages/80/fa/a07e622fd87717eec3e5cff41575f85ad62717e8698884d28ca809266ca1/nodejs_wheel_binaries-22.16.0-py2.py3-none-manylinux_2_17_aarch64.manylinux2014_aarch64.whl", hash = "sha256:71f2de4dc0b64ae43e146897ce811f80ac4f9acfbae6ccf814226282bf4ef174", size = 57857862, upload-time = "2025-05-22T07:27:27.933Z" },
    { url = "https://files.pythonhosted.org/packages/1f/80/52736f9570a93f8e6b7942981dc9770eca2bc7aa1d200c1d54198374a6ca/nodejs_wheel_binaries-22.16.0-py2.py3-none-manylinux_2_17_x86_64.manylinux2014_x86_64.whl", hash = "sha256:dbfccbcd558d2f142ccf66d8c3a098022bf4436db9525b5b8d32169ce185d99e", size = 58395868, upload-time = "2025-05-22T07:27:32.088Z" },
    { url = "https://files.pythonhosted.org/packages/0f/0e/53616a5ed8fc1fbe9e48bf132862da5a9abf5cc7f8483dab1722ec257187/nodejs_wheel_binaries-22.16.0-py2.py3-none-musllinux_1_2_aarch64.whl", hash = "sha256:447ad796850eb52ca20356ad39b2d296ed8fef3f214921f84a1ccdad49f2eba1", size = 59712469, upload-time = "2025-05-22T07:27:37.193Z" },
    { url = "https://files.pythonhosted.org/packages/4a/cd/e2b5083df581fc1d08eb93feb6f8fbd3d56b113cef9b59d8e0fb7d4dd4f3/nodejs_wheel_binaries-22.16.0-py2.py3-none-musllinux_1_2_x86_64.whl", hash = "sha256:7f526ca6a132b0caf633566a2a78c6985fe92857e7bfdb37380f76205a10b808", size = 60763005, upload-time = "2025-05-22T07:27:41.39Z" },
    { url = "https://files.pythonhosted.org/packages/71/8d/57112b49214e8bd636f3cc3386eba6be4d23552ec8a0f6efbe814013caa7/nodejs_wheel_binaries-22.16.0-py2.py3-none-win_amd64.whl", hash = "sha256:2fffb4bf1066fb5f660da20819d754f1b424bca1b234ba0f4fa901c52e3975fb", size = 41313324, upload-time = "2025-05-22T07:27:45.293Z" },
    { url = "https://files.pythonhosted.org/packages/91/03/a852711aec73dfb965844592dfe226024c0da28e37d1ee54083342e38f57/nodejs_wheel_binaries-22.16.0-py2.py3-none-win_arm64.whl", hash = "sha256:2728972d336d436d39ee45988978d8b5d963509e06f063e80fe41b203ee80b28", size = 38828154, upload-time = "2025-05-22T07:27:48.606Z" },
]

[[package]]
name = "packaging"
version = "25.0"
source = { registry = "https://pypi.org/simple" }
sdist = { url = "https://files.pythonhosted.org/packages/a1/d4/1fc4078c65507b51b96ca8f8c3ba19e6a61c8253c72794544580a7b6c24d/packaging-25.0.tar.gz", hash = "sha256:d443872c98d677bf60f6a1f2f8c1cb748e8fe762d2bf9d3148b5599295b0fc4f", size = 165727, upload-time = "2025-04-19T11:48:59.673Z" }
wheels = [
    { url = "https://files.pythonhosted.org/packages/20/12/38679034af332785aac8774540895e234f4d07f7545804097de4b666afd8/packaging-25.0-py3-none-any.whl", hash = "sha256:29572ef2b1f17581046b3a2227d5c611fb25ec70ca1ba8554b24b0e69331a484", size = 66469, upload-time = "2025-04-19T11:48:57.875Z" },
]

[[package]]
name = "pluggy"
version = "1.6.0"
source = { registry = "https://pypi.org/simple" }
sdist = { url = "https://files.pythonhosted.org/packages/f9/e2/3e91f31a7d2b083fe6ef3fa267035b518369d9511ffab804f839851d2779/pluggy-1.6.0.tar.gz", hash = "sha256:7dcc130b76258d33b90f61b658791dede3486c3e6bfb003ee5c9bfb396dd22f3", size = 69412, upload-time = "2025-05-15T12:30:07.975Z" }
wheels = [
    { url = "https://files.pythonhosted.org/packages/54/20/4d324d65cc6d9205fabedc306948156824eb9f0ee1633355a8f7ec5c66bf/pluggy-1.6.0-py3-none-any.whl", hash = "sha256:e920276dd6813095e9377c0bc5566d94c932c33b27a3e3945d8389c374dd4746", size = 20538, upload-time = "2025-05-15T12:30:06.134Z" },
]

[[package]]
name = "pytest"
version = "8.3.5"
source = { registry = "https://pypi.org/simple" }
dependencies = [
    { name = "colorama", marker = "sys_platform == 'win32'" },
    { name = "iniconfig" },
    { name = "packaging" },
    { name = "pluggy" },
]
sdist = { url = "https://files.pythonhosted.org/packages/ae/3c/c9d525a414d506893f0cd8a8d0de7706446213181570cdbd766691164e40/pytest-8.3.5.tar.gz", hash = "sha256:f4efe70cc14e511565ac476b57c279e12a855b11f48f212af1080ef2263d3845", size = 1450891, upload-time = "2025-03-02T12:54:54.503Z" }
wheels = [
    { url = "https://files.pythonhosted.org/packages/30/3d/64ad57c803f1fa1e963a7946b6e0fea4a70df53c1a7fed304586539c2bac/pytest-8.3.5-py3-none-any.whl", hash = "sha256:c69214aa47deac29fad6c2a4f590b9c4a9fdb16a403176fe154b79c0b4d4d820", size = 343634, upload-time = "2025-03-02T12:54:52.069Z" },
]

[[package]]
name = "pytest-cov"
version = "6.1.1"
source = { registry = "https://pypi.org/simple" }
dependencies = [
    { name = "coverage" },
    { name = "pytest" },
]
sdist = { url = "https://files.pythonhosted.org/packages/25/69/5f1e57f6c5a39f81411b550027bf72842c4567ff5fd572bed1edc9e4b5d9/pytest_cov-6.1.1.tar.gz", hash = "sha256:46935f7aaefba760e716c2ebfbe1c216240b9592966e7da99ea8292d4d3e2a0a", size = 66857, upload-time = "2025-04-05T14:07:51.592Z" }
wheels = [
    { url = "https://files.pythonhosted.org/packages/28/d0/def53b4a790cfb21483016430ed828f64830dd981ebe1089971cd10cab25/pytest_cov-6.1.1-py3-none-any.whl", hash = "sha256:bddf29ed2d0ab6f4df17b4c55b0a657287db8684af9c42ea546b21b1041b3dde", size = 23841, upload-time = "2025-04-05T14:07:49.641Z" },
]

[[package]]
name = "pytest-xdist"
version = "3.6.1"
source = { registry = "https://pypi.org/simple" }
dependencies = [
    { name = "execnet" },
    { name = "pytest" },
]
sdist = { url = "https://files.pythonhosted.org/packages/41/c4/3c310a19bc1f1e9ef50075582652673ef2bfc8cd62afef9585683821902f/pytest_xdist-3.6.1.tar.gz", hash = "sha256:ead156a4db231eec769737f57668ef58a2084a34b2e55c4a8fa20d861107300d", size = 84060, upload-time = "2024-04-28T19:29:54.414Z" }
wheels = [
    { url = "https://files.pythonhosted.org/packages/6d/82/1d96bf03ee4c0fdc3c0cbe61470070e659ca78dc0086fb88b66c185e2449/pytest_xdist-3.6.1-py3-none-any.whl", hash = "sha256:9ed4adfb68a016610848639bb7e02c9352d5d9f03d04809919e2dafc3be4cca7", size = 46108, upload-time = "2024-04-28T19:29:52.813Z" },
]

[[package]]
name = "ruff"
version = "0.11.11"
source = { registry = "https://pypi.org/simple" }
sdist = { url = "https://files.pythonhosted.org/packages/b2/53/ae4857030d59286924a8bdb30d213d6ff22d8f0957e738d0289990091dd8/ruff-0.11.11.tar.gz", hash = "sha256:7774173cc7c1980e6bf67569ebb7085989a78a103922fb83ef3dfe230cd0687d", size = 4186707, upload-time = "2025-05-22T19:19:34.363Z" }
wheels = [
    { url = "https://files.pythonhosted.org/packages/b1/14/f2326676197bab099e2a24473158c21656fbf6a207c65f596ae15acb32b9/ruff-0.11.11-py3-none-linux_armv6l.whl", hash = "sha256:9924e5ae54125ed8958a4f7de320dab7380f6e9fa3195e3dc3b137c6842a0092", size = 10229049, upload-time = "2025-05-22T19:18:45.516Z" },
    { url = "https://files.pythonhosted.org/packages/9a/f3/bff7c92dd66c959e711688b2e0768e486bbca46b2f35ac319bb6cce04447/ruff-0.11.11-py3-none-macosx_10_12_x86_64.whl", hash = "sha256:c8a93276393d91e952f790148eb226658dd275cddfde96c6ca304873f11d2ae4", size = 11053601, upload-time = "2025-05-22T19:18:49.269Z" },
    { url = "https://files.pythonhosted.org/packages/e2/38/8e1a3efd0ef9d8259346f986b77de0f62c7a5ff4a76563b6b39b68f793b9/ruff-0.11.11-py3-none-macosx_11_0_arm64.whl", hash = "sha256:d6e333dbe2e6ae84cdedefa943dfd6434753ad321764fd937eef9d6b62022bcd", size = 10367421, upload-time = "2025-05-22T19:18:51.754Z" },
    { url = "https://files.pythonhosted.org/packages/b4/50/557ad9dd4fb9d0bf524ec83a090a3932d284d1a8b48b5906b13b72800e5f/ruff-0.11.11-py3-none-manylinux_2_17_aarch64.manylinux2014_aarch64.whl", hash = "sha256:7885d9a5e4c77b24e8c88aba8c80be9255fa22ab326019dac2356cff42089fc6", size = 10581980, upload-time = "2025-05-22T19:18:54.011Z" },
    { url = "https://files.pythonhosted.org/packages/c4/b2/e2ed82d6e2739ece94f1bdbbd1d81b712d3cdaf69f0a1d1f1a116b33f9ad/ruff-0.11.11-py3-none-manylinux_2_17_armv7l.manylinux2014_armv7l.whl", hash = "sha256:1b5ab797fcc09121ed82e9b12b6f27e34859e4227080a42d090881be888755d4", size = 10089241, upload-time = "2025-05-22T19:18:56.041Z" },
    { url = "https://files.pythonhosted.org/packages/3d/9f/b4539f037a5302c450d7c695c82f80e98e48d0d667ecc250e6bdeb49b5c3/ruff-0.11.11-py3-none-manylinux_2_17_i686.manylinux2014_i686.whl", hash = "sha256:e231ff3132c1119ece836487a02785f099a43992b95c2f62847d29bace3c75ac", size = 11699398, upload-time = "2025-05-22T19:18:58.248Z" },
    { url = "https://files.pythonhosted.org/packages/61/fb/32e029d2c0b17df65e6eaa5ce7aea5fbeaed22dddd9fcfbbf5fe37c6e44e/ruff-0.11.11-py3-none-manylinux_2_17_ppc64.manylinux2014_ppc64.whl", hash = "sha256:a97c9babe1d4081037a90289986925726b802d180cca784ac8da2bbbc335f709", size = 12427955, upload-time = "2025-05-22T19:19:00.981Z" },
    { url = "https://files.pythonhosted.org/packages/6e/e3/160488dbb11f18c8121cfd588e38095ba779ae208292765972f7732bfd95/ruff-0.11.11-py3-none-manylinux_2_17_ppc64le.manylinux2014_ppc64le.whl", hash = "sha256:d8c4ddcbe8a19f59f57fd814b8b117d4fcea9bee7c0492e6cf5fdc22cfa563c8", size = 12069803, upload-time = "2025-05-22T19:19:03.258Z" },
    { url = "https://files.pythonhosted.org/packages/ff/16/3b006a875f84b3d0bff24bef26b8b3591454903f6f754b3f0a318589dcc3/ruff-0.11.11-py3-none-manylinux_2_17_s390x.manylinux2014_s390x.whl", hash = "sha256:6224076c344a7694c6fbbb70d4f2a7b730f6d47d2a9dc1e7f9d9bb583faf390b", size = 11242630, upload-time = "2025-05-22T19:19:05.871Z" },
    { url = "https://files.pythonhosted.org/packages/65/0d/0338bb8ac0b97175c2d533e9c8cdc127166de7eb16d028a43c5ab9e75abd/ruff-0.11.11-py3-none-manylinux_2_17_x86_64.manylinux2014_x86_64.whl", hash = "sha256:882821fcdf7ae8db7a951df1903d9cb032bbe838852e5fc3c2b6c3ab54e39875", size = 11507310, upload-time = "2025-05-22T19:19:08.584Z" },
    { url = "https://files.pythonhosted.org/packages/6f/bf/d7130eb26174ce9b02348b9f86d5874eafbf9f68e5152e15e8e0a392e4a3/ruff-0.11.11-py3-none-musllinux_1_2_aarch64.whl", hash = "sha256:dcec2d50756463d9df075a26a85a6affbc1b0148873da3997286caf1ce03cae1", size = 10441144, upload-time = "2025-05-22T19:19:13.621Z" },
    { url = "https://files.pythonhosted.org/packages/b3/f3/4be2453b258c092ff7b1761987cf0749e70ca1340cd1bfb4def08a70e8d8/ruff-0.11.11-py3-none-musllinux_1_2_armv7l.whl", hash = "sha256:99c28505ecbaeb6594701a74e395b187ee083ee26478c1a795d35084d53ebd81", size = 10081987, upload-time = "2025-05-22T19:19:15.821Z" },
    { url = "https://files.pythonhosted.org/packages/6c/6e/dfa4d2030c5b5c13db158219f2ec67bf333e8a7748dccf34cfa2a6ab9ebc/ruff-0.11.11-py3-none-musllinux_1_2_i686.whl", hash = "sha256:9263f9e5aa4ff1dec765e99810f1cc53f0c868c5329b69f13845f699fe74f639", size = 11073922, upload-time = "2025-05-22T19:19:18.104Z" },
    { url = "https://files.pythonhosted.org/packages/ff/f4/f7b0b0c3d32b593a20ed8010fa2c1a01f2ce91e79dda6119fcc51d26c67b/ruff-0.11.11-py3-none-musllinux_1_2_x86_64.whl", hash = "sha256:64ac6f885e3ecb2fdbb71de2701d4e34526651f1e8503af8fb30d4915a3fe345", size = 11568537, upload-time = "2025-05-22T19:19:20.889Z" },
    { url = "https://files.pythonhosted.org/packages/d2/46/0e892064d0adc18bcc81deed9aaa9942a27fd2cd9b1b7791111ce468c25f/ruff-0.11.11-py3-none-win32.whl", hash = "sha256:1adcb9a18802268aaa891ffb67b1c94cd70578f126637118e8099b8e4adcf112", size = 10536492, upload-time = "2025-05-22T19:19:23.642Z" },
    { url = "https://files.pythonhosted.org/packages/1b/d9/232e79459850b9f327e9f1dc9c047a2a38a6f9689e1ec30024841fc4416c/ruff-0.11.11-py3-none-win_amd64.whl", hash = "sha256:748b4bb245f11e91a04a4ff0f96e386711df0a30412b9fe0c74d5bdc0e4a531f", size = 11612562, upload-time = "2025-05-22T19:19:27.013Z" },
    { url = "https://files.pythonhosted.org/packages/ce/eb/09c132cff3cc30b2e7244191dcce69437352d6d6709c0adf374f3e6f476e/ruff-0.11.11-py3-none-win_arm64.whl", hash = "sha256:6c51f136c0364ab1b774767aa8b86331bd8e9d414e2d107db7a2189f35ea1f7b", size = 10735951, upload-time = "2025-05-22T19:19:30.043Z" },
]

[[package]]
name = "ty"
version = "0.0.1a6"
source = { registry = "https://pypi.org/simple" }
sdist = { url = "https://files.pythonhosted.org/packages/df/e1/51b199bc3cfa71ef26af6a7254bd2a2e70e0f7983165666a08a1ef158bf1/ty-0.0.1a6.tar.gz", hash = "sha256:0b75642d7326c7abb7fa4a9efcc3cb818d4fa4224dab1fc8fb273c8ed02f34f2", size = 2882923, upload-time = "2025-05-20T20:00:23.158Z" }
wheels = [
    { url = "https://files.pythonhosted.org/packages/8e/ba/1fcd0f69e13c015e4e6cc1ddaeaf3b44805cf8c67a08f2863d077a563d30/ty-0.0.1a6-py3-none-linux_armv6l.whl", hash = "sha256:c048675934f51d74f05541ad231470c0093805fae06b117634fdac4c9cba456a", size = 6209597, upload-time = "2025-05-20T19:59:51.321Z" },
    { url = "https://files.pythonhosted.org/packages/df/16/8754d24634ddfea333d1818c981b20c929f93a7ea26235622c371068f3bf/ty-0.0.1a6-py3-none-macosx_10_12_x86_64.whl", hash = "sha256:96e14bf1dae72042a6207ea94d8f34d5175cb604d196df28012444108e6b0988", size = 6320566, upload-time = "2025-05-20T19:59:53.583Z" },
    { url = "https://files.pythonhosted.org/packages/5a/9d/3b935a7f18f088f113cc94c72caefd34616dde87d0b08a5dfa2f696b3758/ty-0.0.1a6-py3-none-macosx_11_0_arm64.whl", hash = "sha256:568b76a20b3cf4834085bd37005d6d13b4460d3fcd001313cc1993224e965029", size = 5991132, upload-time = "2025-05-20T19:59:55.653Z" },
    { url = "https://files.pythonhosted.org/packages/bd/26/1fb0664521b35b5b4b16c9ca56363c514994f5fda8200aef28380b08814c/ty-0.0.1a6-py3-none-manylinux_2_17_aarch64.manylinux2014_aarch64.whl", hash = "sha256:9502e4e55530643225c94d62f52cb7ab7370dca57f4ab10c36aae410642a966a", size = 6116609, upload-time = "2025-05-20T19:59:57.972Z" },
    { url = "https://files.pythonhosted.org/packages/09/7b/9cbd5c26bd0a7e32a76e94ede53c121d7f4c0fd27027df9241bec41a17b4/ty-0.0.1a6-py3-none-manylinux_2_17_armv7l.manylinux2014_armv7l.whl", hash = "sha256:2c38c47eea702de710282f4fa38e2b08a9b2dc54db88878fa01a69340e41649d", size = 6092564, upload-time = "2025-05-20T19:59:59.571Z" },
    { url = "https://files.pythonhosted.org/packages/92/e8/80afb960fcc410406ba63b4e7faa2cd4c4ca9a39ef45824815ae1f7d69a2/ty-0.0.1a6-py3-none-manylinux_2_17_i686.manylinux2014_i686.whl", hash = "sha256:b03f759225a8b3aca23166e2193ecae9fbe9d93c03f598ce7c66d898b5b595cd", size = 6801821, upload-time = "2025-05-20T20:00:01.646Z" },
    { url = "https://files.pythonhosted.org/packages/09/26/0bc96499e02134f13b64e3f2b94385e0ed524b9146fef2533eee5a3752ef/ty-0.0.1a6-py3-none-manylinux_2_17_ppc64.manylinux2014_ppc64.whl", hash = "sha256:e6f458a58f52af3b3b0e42555765eb03ee158007e6fd3d395c03c44aef5412b9", size = 7192366, upload-time = "2025-05-20T20:00:03.747Z" },
    { url = "https://files.pythonhosted.org/packages/95/85/46b890e38661f3632aba362ef2030c52c5a6ae7ba85ba4206ea4a58cd223/ty-0.0.1a6-py3-none-manylinux_2_17_ppc64le.manylinux2014_ppc64le.whl", hash = "sha256:c3b5355df3185722823645e551e2c89c17dac0026814f6f7c40515cf4c036ccc", size = 6868443, upload-time = "2025-05-20T20:00:07.014Z" },
    { url = "https://files.pythonhosted.org/packages/d6/4a/64fd394ced367ed06dedaf0ffd74c3d6bd83b56140efced5a93b097732a9/ty-0.0.1a6-py3-none-manylinux_2_17_s390x.manylinux2014_s390x.whl", hash = "sha256:7c2a29fe5c4bcee2dce927195378d39fcc5614f3d6c22283134139ce14aefb22", size = 6765955, upload-time = "2025-05-20T20:00:08.628Z" },
    { url = "https://files.pythonhosted.org/packages/31/09/f8152ed81b62232e1806001860fec71d55ae7f7e455e662959cf15eb06c1/ty-0.0.1a6-py3-none-manylinux_2_17_x86_64.manylinux2014_x86_64.whl", hash = "sha256:f2dac891e1b066a645c85abe68885a0ea9eb52685ea6251fdc369b2cfdab10c6", size = 6583814, upload-time = "2025-05-20T20:00:10.264Z" },
    { url = "https://files.pythonhosted.org/packages/96/b0/f21c269e5a52a5f4975c881f724221ed58b5624cf9fc77585ee7aa12bbb9/ty-0.0.1a6-py3-none-musllinux_1_2_aarch64.whl", hash = "sha256:ab9ee318c7aa2e538213a1ecb63ecb93952a62da9532f19985994aa8ed31c085", size = 6031710, upload-time = "2025-05-20T20:00:11.836Z" },
    { url = "https://files.pythonhosted.org/packages/11/4f/fac32f1c3906add7a5ce07558d78bcdf9f65d47d92f195ef967085f7e9db/ty-0.0.1a6-py3-none-musllinux_1_2_armv7l.whl", hash = "sha256:2731917df3d16969a39279fc2e2ad431d33fa2d2dcd73784814873c4b69a1491", size = 6115148, upload-time = "2025-05-20T20:00:13.528Z" },
    { url = "https://files.pythonhosted.org/packages/28/d5/b2630abc0e2ebe2afc0305d5ac0b37605b72b534b4fc1894b3c2cbfb71b7/ty-0.0.1a6-py3-none-musllinux_1_2_i686.whl", hash = "sha256:b9e118763be86439bf10b934f2081425f0acdd03a0448ffd9e4bf3bd79bf7c12", size = 6505866, upload-time = "2025-05-20T20:00:15.234Z" },
    { url = "https://files.pythonhosted.org/packages/fb/8f/8050cf23e1906cfcd03be63ad05f5ca05f6a2879b6e1bcd9dc9893cac10f/ty-0.0.1a6-py3-none-musllinux_1_2_x86_64.whl", hash = "sha256:e7f89267039d76d97e6a836540b98ae6f488d41a0e87cc00fba23210cce7704c", size = 6649270, upload-time = "2025-05-20T20:00:16.893Z" },
    { url = "https://files.pythonhosted.org/packages/1b/37/0c190a02395179dc8bcb1371ba32e5430f338fabf51b5dd8b4d4b5618c0d/ty-0.0.1a6-py3-none-win32.whl", hash = "sha256:92120c60b7a8092685cf2ba76efcb0fa0e0230299180c834e5ef7a3d856d0028", size = 5930254, upload-time = "2025-05-20T20:00:18.471Z" },
    { url = "https://files.pythonhosted.org/packages/22/79/13f529190ee2341d031b801ec53b2c6955e90d79f8b9159307574b9b2a2d/ty-0.0.1a6-py3-none-win_amd64.whl", hash = "sha256:76914b30b7d690582c20ca340f964585a89c5dc3f18a9f231a74b317af3a0b76", size = 6392039, upload-time = "2025-05-20T20:00:20.114Z" },
    { url = "https://files.pythonhosted.org/packages/fc/01/e0c31f37ba0c43817f4d0093396eba29ab7144e155792222e817ed2dc3bb/ty-0.0.1a6-py3-none-win_arm64.whl", hash = "sha256:e21514d0b86b84b7808dea8fbeb5395417e3d5c8ddda24ba91b5bfeb7268385b", size = 6052034, upload-time = "2025-05-20T20:00:21.71Z" },
]

[[package]]
name = "typos"
version = "1.32.0"
source = { registry = "https://pypi.org/simple" }
sdist = { url = "https://files.pythonhosted.org/packages/7a/15/419d2f26a7de53ab5e73524223eb13b0fb426ddcfc5ce01c798d268625e0/typos-1.32.0.tar.gz", hash = "sha256:14d74cfb656371ad867c498c6ef681feceaad5ace296914b854625e24bc9ef1c", size = 1500903, upload-time = "2025-05-02T14:55:55.293Z" }
wheels = [
    { url = "https://files.pythonhosted.org/packages/f3/d1/093511da947208d963c6af68be8ab3888e08d6339a7395a0a6a3c06a66c5/typos-1.32.0-py3-none-macosx_10_12_x86_64.whl", hash = "sha256:3b6f1f6a482607845f5867911e886db15a7163fb6c0375f06325080bc1039f82", size = 3127196, upload-time = "2025-05-02T14:55:35.063Z" },
    { url = "https://files.pythonhosted.org/packages/cf/70/e28c3a9136074a84eeebb8c2b44dba37dddf76cd6d0e0403b0d3a68ef933/typos-1.32.0-py3-none-macosx_11_0_arm64.whl", hash = "sha256:e1fb839eb28769fa8e91057bfc745adaef492e48660cd047bb4c1cdd85dbbfff", size = 3005550, upload-time = "2025-05-02T14:55:37.993Z" },
    { url = "https://files.pythonhosted.org/packages/e9/57/cbc2ae53337ec78537163c0c41d35841dc4473813329e853b2e7ab8f9ac9/typos-1.32.0-py3-none-manylinux_2_17_aarch64.manylinux2014_aarch64.whl", hash = "sha256:0bf09c943965619ae0a21121613de074cb65eb57bbc05af9ad4619f9504debdf", size = 7601093, upload-time = "2025-05-02T14:55:40.316Z" },
    { url = "https://files.pythonhosted.org/packages/b0/e6/23bfda4ada6bd4bb198ea618f0ccf47424c6160b8a27ae8bc7b8d0820fb4/typos-1.32.0-py3-none-manylinux_2_17_i686.manylinux2014_i686.whl", hash = "sha256:4276b08d2c5717dd47be1f95f683b1c6b11c093c50a87f5ad28b73809a736030", size = 6799306, upload-time = "2025-05-02T14:55:43.114Z" },
    { url = "https://files.pythonhosted.org/packages/d4/a5/60788c6911a505fcd69affc82a1f0fff63b337dd18d0cd9957881e32ac53/typos-1.32.0-py3-none-manylinux_2_17_x86_64.manylinux2014_x86_64.whl", hash = "sha256:23d2d00bc7bb9f470cd978fd5697f70f8a25c3b0c6186f0703ef248765c17b16", size = 7498104, upload-time = "2025-05-02T14:55:45.727Z" },
    { url = "https://files.pythonhosted.org/packages/f8/42/933a2c84e57abacd8eac54c58280c79a2402a0d2e306536b3346f8fc0336/typos-1.32.0-py3-none-musllinux_1_2_aarch64.whl", hash = "sha256:33490718ee858f718b7fd5ef3622d62ab5e1e435d1f6d0128c4c6183261aa970", size = 6722785, upload-time = "2025-05-02T14:55:47.648Z" },
    { url = "https://files.pythonhosted.org/packages/12/45/f3662fa65757c617749f81749f8ed0a57bb50cef9f0713f76eb09b25270c/typos-1.32.0-py3-none-musllinux_1_2_x86_64.whl", hash = "sha256:fd5d39f41210b7983c22e49caf654085da42fb0707bca5cbc2f9ad62a70a11e4", size = 7588936, upload-time = "2025-05-02T14:55:49.603Z" },
    { url = "https://files.pythonhosted.org/packages/94/ae/c7564a6dace962d9baa671e1d1d3efc0a3188991ef3394f7f002464e0db2/typos-1.32.0-py3-none-win32.whl", hash = "sha256:3a267fae0c23a8b0a7e1013a1b553f91a5d0b03da8882e852349bff75750fa7d", size = 2748480, upload-time = "2025-05-02T14:55:51.57Z" },
    { url = "https://files.pythonhosted.org/packages/21/a2/457b98bda8e61a8b381c741ce3e6c901a6eed1d45beada7d293cb0f31d31/typos-1.32.0-py3-none-win_amd64.whl", hash = "sha256:eed297ec4bf29bd8680ed78f2d27d4cbde77444aef58531dcad07d68a46e4ad0", size = 2898377, upload-time = "2025-05-02T14:55:53.542Z" },
]
